<?xml version="1.0" encoding="utf-8"?>
<Project ToolsVersion="16.0" xmlns="http://schemas.microsoft.com/developer/msbuild/2003">
  <ItemGroup>
    <ClCompile Include="..\..\src\algorithm\src\utils.cpp">
      <Filter>Source Files</Filter>
    </ClCompile>
    <ClCompile Include="..\..\src\feature-src\threadhandler.cpp">
      <Filter>Source Files</Filter>
    </ClCompile>
    <ClCompile Include="..\..\src\algorithm\src\palmveinparser_impl.cpp">
      <Filter>Source Files</Filter>
    </ClCompile>
    <ClCompile Include="..\..\src\algorithm\src\palm_vein.cpp">
      <Filter>Source Files</Filter>
    </ClCompile>
    <ClCompile Include="..\..\src\feature-src\ovm_200_feature_dev.cpp">
      <Filter>Source Files</Filter>
    </ClCompile>
    <ClCompile Include="..\..\src\feature-src\ovm_200_feature.cpp">
      <Filter>Source Files</Filter>
    </ClCompile>
    <ClCompile Include="..\..\src\logger\logger.cpp">
      <Filter>Source Files</Filter>
    </ClCompile>
    <ClCompile Include="..\..\src\feature-src\global.cpp">
      <Filter>Source Files</Filter>
    </ClCompile>
    <ClCompile Include="..\..\src\logger\easylogging++.cc">
      <Filter>Source Files</Filter>
    </ClCompile>
    <ClCompile Include="..\..\src\feature-src\devhandler.cpp">
      <Filter>Source Files</Filter>
    </ClCompile>
    <ClCompile Include="..\..\src\feature-src\algorithmhandler.cpp">
      <Filter>Source Files</Filter>
    </ClCompile>
    <ClCompile Include="..\..\src\feature-src\device-windows\OVSDevice.cpp" />
  </ItemGroup>
  <ItemGroup>
    <Filter Include="Source Files">
      <UniqueIdentifier>{13D5E3EF-C5AE-3C25-B11B-3C377070FEE7}</UniqueIdentifier>
    </Filter>
    <Filter Include="include">
      <UniqueIdentifier>{e28a7727-edb6-4913-b078-9359590f762e}</UniqueIdentifier>
    </Filter>
  </ItemGroup>
  <ItemGroup>
    <None Include="ovm_200_feature.def" />
  </ItemGroup>
  <ItemGroup>
    <ClInclude Include="..\..\src\feature-src\algorithmhandler.h">
      <Filter>include</Filter>
    </ClInclude>
    <ClInclude Include="..\..\src\feature-src\devhandler.h">
      <Filter>include</Filter>
    </ClInclude>
    <ClInclude Include="..\..\src\feature-src\global.h">
      <Filter>include</Filter>
    </ClInclude>
    <ClInclude Include="..\..\src\feature-src\ovm_200_defines.h">
      <Filter>include</Filter>
    </ClInclude>
    <ClInclude Include="..\..\src\feature-src\ovm_200_feature.h">
      <Filter>include</Filter>
    </ClInclude>
    <ClInclude Include="..\..\src\feature-src\ovm_200_feature_dev.h">
      <Filter>include</Filter>
    </ClInclude>
    <ClInclude Include="..\..\src\feature-src\threadhandler.h">
      <Filter>include</Filter>
    </ClInclude>
    <ClInclude Include="..\..\src\feature-src\device-windows\OVSDevice.h" />
  </ItemGroup>
</Project>