<?xml version="1.0" encoding="utf-8"?>
<Project ToolsVersion="16.0" xmlns="http://schemas.microsoft.com/developer/msbuild/2003">
  <ItemGroup>
    <ClCompile Include="..\..\src\match-src\algomatch.cpp">
      <Filter>Source Files</Filter>
    </ClCompile>
    <ClCompile Include="..\..\src\match-src\cachehandler.cpp">
      <Filter>Source Files</Filter>
    </ClCompile>
    <ClCompile Include="..\..\src\logger\easylogging++.cc">
      <Filter>Source Files</Filter>
    </ClCompile>
    <ClCompile Include="..\..\src\match-src\global.cpp">
      <Filter>Source Files</Filter>
    </ClCompile>
    <ClCompile Include="..\..\src\logger\logger.cpp">
      <Filter>Source Files</Filter>
    </ClCompile>
    <ClCompile Include="..\..\src\match-src\ovm_200_match.cpp">
      <Filter>Source Files</Filter>
    </ClCompile>
    <ClCompile Include="..\..\src\match-src\ovm_200_match_dev.cpp">
      <Filter>Source Files</Filter>
    </ClCompile>
    <ClCompile Include="..\..\src\algorithm\src\palm_vein.cpp">
      <Filter>Source Files</Filter>
    </ClCompile>
    <ClCompile Include="..\..\src\algorithm\src\palmveinparser_impl.cpp">
      <Filter>Source Files</Filter>
    </ClCompile>
    <ClCompile Include="..\..\src\algorithm\src\utils.cpp">
      <Filter>Source Files</Filter>
    </ClCompile>
  </ItemGroup>
  <ItemGroup>
    <Filter Include="Source Files">
      <UniqueIdentifier>{B4D792D7-C67C-3327-ADC5-5419785249CE}</UniqueIdentifier>
    </Filter>
    <Filter Include="include">
      <UniqueIdentifier>{068d5503-18ad-44e3-b294-e9336d512b46}</UniqueIdentifier>
    </Filter>
  </ItemGroup>
  <ItemGroup>
    <None Include="ovm_200_match.def" />
  </ItemGroup>
  <ItemGroup>
    <ClInclude Include="..\..\src\match-src\algomatch.h">
      <Filter>include</Filter>
    </ClInclude>
    <ClInclude Include="..\..\src\match-src\cachehandler.h">
      <Filter>include</Filter>
    </ClInclude>
    <ClInclude Include="..\..\src\match-src\ovm_200_defines.h">
      <Filter>include</Filter>
    </ClInclude>
    <ClInclude Include="..\..\src\match-src\ovm_200_match.h">
      <Filter>include</Filter>
    </ClInclude>
    <ClInclude Include="..\..\src\match-src\ovm_200_match_dev.h">
      <Filter>include</Filter>
    </ClInclude>
  </ItemGroup>
</Project>