<?xml version="1.0" encoding="utf-8"?>
<Project ToolsVersion="16.0" xmlns="http://schemas.microsoft.com/developer/msbuild/2003">
  <ItemGroup>
    <ClCompile Include="D:\Gitlab\ovm-200-sdk-x64_vs2019\src\match-src\algomatch.cpp">
      <Filter>Source Files</Filter>
    </ClCompile>
    <ClCompile Include="D:\Gitlab\ovm-200-sdk-x64_vs2019\src\match-src\cachehandler.cpp">
      <Filter>Source Files</Filter>
    </ClCompile>
    <ClCompile Include="D:\Gitlab\ovm-200-sdk-x64_vs2019\src\match-src\global.cpp">
      <Filter>Source Files</Filter>
    </ClCompile>
    <ClCompile Include="D:\Gitlab\ovm-200-sdk-x64_vs2019\src\match-src\ovm_200_match.cpp">
      <Filter>Source Files</Filter>
    </ClCompile>
    <ClCompile Include="D:\Gitlab\ovm-200-sdk-x64_vs2019\src\match-src\ovm_200_match_dev.cpp">
      <Filter>Source Files</Filter>
    </ClCompile>
    <ClCompile Include="D:\Gitlab\ovm-200-sdk-x64_vs2019\src\logger\easylogging++.cc">
      <Filter>Source Files</Filter>
    </ClCompile>
    <ClCompile Include="D:\Gitlab\ovm-200-sdk-x64_vs2019\src\logger\logger.cpp">
      <Filter>Source Files</Filter>
    </ClCompile>
    <ClCompile Include="D:\Gitlab\ovm-200-sdk-x64_vs2019\src\algorithm\src\palm_vein.cpp">
      <Filter>Source Files</Filter>
    </ClCompile>
    <ClCompile Include="D:\Gitlab\ovm-200-sdk-x64_vs2019\src\algorithm\src\palmveinparser_impl.cpp">
      <Filter>Source Files</Filter>
    </ClCompile>
    <ClCompile Include="D:\Gitlab\ovm-200-sdk-x64_vs2019\src\algorithm\src\utils.cpp">
      <Filter>Source Files</Filter>
    </ClCompile>
  </ItemGroup>
  <ItemGroup>
    <CustomBuild Include="D:\Gitlab\ovm-200-sdk-x64_vs2019\src\match-src\CMakeLists.txt" />
  </ItemGroup>
  <ItemGroup>
    <Filter Include="Source Files">
      <UniqueIdentifier>{B4D792D7-C67C-3327-ADC5-5419785249CE}</UniqueIdentifier>
    </Filter>
  </ItemGroup>
</Project>
