
Microsoft Visual Studio Solution File, Format Version 12.00
# Visual Studio Version 16
VisualStudioVersion = 16.0.30330.147
MinimumVisualStudioVersion = 10.0.40219.1
Project("{8BC9CEB8-8B4A-11D0-8D11-00A0C91BC942}") = "ovm_200_feature", "feature\ovm_200_feature.vcxproj", "{545E7D8D-12F1-3108-A3FF-798BCEF3DF5A}"
EndProject
Project("{8BC9CEB8-8B4A-11D0-8D11-00A0C91BC942}") = "ovm_200_match", "match\ovm_200_match.vcxproj", "{15A6C7E1-D4B5-3177-833A-DEF61784E9B4}"
EndProject
Global
	GlobalSection(SolutionConfigurationPlatforms) = preSolution
		Debug|x64 = Debug|x64
		Debug|x86 = Debug|x86
		MinSizeRel|x64 = MinSizeRel|x64
		MinSizeRel|x86 = MinSizeRel|x86
		Release|x64 = Release|x64
		Release|x86 = Release|x86
		RelWithDebInfo|x64 = RelWithDebInfo|x64
		RelWithDebInfo|x86 = RelWithDebInfo|x86
	EndGlobalSection
	GlobalSection(ProjectConfigurationPlatforms) = postSolution
		{545E7D8D-12F1-3108-A3FF-798BCEF3DF5A}.Debug|x64.ActiveCfg = Debug|x64
		{545E7D8D-12F1-3108-A3FF-798BCEF3DF5A}.Debug|x64.Build.0 = Debug|x64
		{545E7D8D-12F1-3108-A3FF-798BCEF3DF5A}.Debug|x86.ActiveCfg = Debug|x64
		{545E7D8D-12F1-3108-A3FF-798BCEF3DF5A}.MinSizeRel|x64.ActiveCfg = MinSizeRel|x64
		{545E7D8D-12F1-3108-A3FF-798BCEF3DF5A}.MinSizeRel|x64.Build.0 = MinSizeRel|x64
		{545E7D8D-12F1-3108-A3FF-798BCEF3DF5A}.MinSizeRel|x86.ActiveCfg = MinSizeRel|x64
		{545E7D8D-12F1-3108-A3FF-798BCEF3DF5A}.Release|x64.ActiveCfg = Release|x64
		{545E7D8D-12F1-3108-A3FF-798BCEF3DF5A}.Release|x64.Build.0 = Release|x64
		{545E7D8D-12F1-3108-A3FF-798BCEF3DF5A}.Release|x86.ActiveCfg = Release|x64
		{545E7D8D-12F1-3108-A3FF-798BCEF3DF5A}.RelWithDebInfo|x64.ActiveCfg = RelWithDebInfo|x64
		{545E7D8D-12F1-3108-A3FF-798BCEF3DF5A}.RelWithDebInfo|x64.Build.0 = RelWithDebInfo|x64
		{545E7D8D-12F1-3108-A3FF-798BCEF3DF5A}.RelWithDebInfo|x86.ActiveCfg = RelWithDebInfo|x64
		{15A6C7E1-D4B5-3177-833A-DEF61784E9B4}.Debug|x64.ActiveCfg = Debug|x64
		{15A6C7E1-D4B5-3177-833A-DEF61784E9B4}.Debug|x64.Build.0 = Debug|x64
		{15A6C7E1-D4B5-3177-833A-DEF61784E9B4}.Debug|x86.ActiveCfg = Debug|x64
		{15A6C7E1-D4B5-3177-833A-DEF61784E9B4}.MinSizeRel|x64.ActiveCfg = MinSizeRel|x64
		{15A6C7E1-D4B5-3177-833A-DEF61784E9B4}.MinSizeRel|x64.Build.0 = MinSizeRel|x64
		{15A6C7E1-D4B5-3177-833A-DEF61784E9B4}.MinSizeRel|x86.ActiveCfg = MinSizeRel|x64
		{15A6C7E1-D4B5-3177-833A-DEF61784E9B4}.Release|x64.ActiveCfg = Release|x64
		{15A6C7E1-D4B5-3177-833A-DEF61784E9B4}.Release|x64.Build.0 = Release|x64
		{15A6C7E1-D4B5-3177-833A-DEF61784E9B4}.Release|x86.ActiveCfg = Release|x64
		{15A6C7E1-D4B5-3177-833A-DEF61784E9B4}.RelWithDebInfo|x64.ActiveCfg = RelWithDebInfo|x64
		{15A6C7E1-D4B5-3177-833A-DEF61784E9B4}.RelWithDebInfo|x64.Build.0 = RelWithDebInfo|x64
		{15A6C7E1-D4B5-3177-833A-DEF61784E9B4}.RelWithDebInfo|x86.ActiveCfg = RelWithDebInfo|x64
	EndGlobalSection
	GlobalSection(SolutionProperties) = preSolution
		HideSolutionNode = FALSE
	EndGlobalSection
	GlobalSection(ExtensibilityGlobals) = postSolution
		SolutionGuid = {A283C783-3947-4482-97CE-98687D766A7B}
	EndGlobalSection
EndGlobal
