
Microsoft Visual Studio Solution File, Format Version 12.00
# Visual Studio Version 16
VisualStudioVersion = 16.0.30330.147
MinimumVisualStudioVersion = 10.0.40219.1
Project("{8BC9CEB8-8B4A-11D0-8D11-00A0C91BC942}") = "ovm_200_feature", "feature\ovm_200_feature.vcxproj", "{A1398CDE-D04F-3D85-834A-2777F59183B0}"
EndProject
Project("{8BC9CEB8-8B4A-11D0-8D11-00A0C91BC942}") = "ovm_200_match", "match\ovm_200_match.vcxproj", "{0AB0FA8A-EFF3-327C-A9D3-93834DCE8DEC}"
EndProject
Project("{8BC9CEB8-8B4A-11D0-8D11-00A0C91BC942}") = "ovs test demo", "demo_c++\ovs test demo.vcxproj", "{8ED5F8AC-FAAB-453C-B625-619047635D76}"
	ProjectSection(ProjectDependencies) = postProject
		{0AB0FA8A-EFF3-327C-A9D3-93834DCE8DEC} = {0AB0FA8A-EFF3-327C-A9D3-93834DCE8DEC}
		{A1398CDE-D04F-3D85-834A-2777F59183B0} = {A1398CDE-D04F-3D85-834A-2777F59183B0}
	EndProjectSection
EndProject
Global
	GlobalSection(SolutionConfigurationPlatforms) = preSolution
		Debug|x64 = Debug|x64
		Debug|x86 = Debug|x86
		MinSizeRel|x64 = MinSizeRel|x64
		MinSizeRel|x86 = MinSizeRel|x86
		Release|x64 = Release|x64
		Release|x86 = Release|x86
		RelWithDebInfo|x64 = RelWithDebInfo|x64
		RelWithDebInfo|x86 = RelWithDebInfo|x86
	EndGlobalSection
	GlobalSection(ProjectConfigurationPlatforms) = postSolution
		{A1398CDE-D04F-3D85-834A-2777F59183B0}.Debug|x64.ActiveCfg = Debug|x64
		{A1398CDE-D04F-3D85-834A-2777F59183B0}.Debug|x64.Build.0 = Debug|x64
		{A1398CDE-D04F-3D85-834A-2777F59183B0}.Debug|x86.ActiveCfg = Debug|x64
		{A1398CDE-D04F-3D85-834A-2777F59183B0}.MinSizeRel|x64.ActiveCfg = MinSizeRel|x64
		{A1398CDE-D04F-3D85-834A-2777F59183B0}.MinSizeRel|x64.Build.0 = MinSizeRel|x64
		{A1398CDE-D04F-3D85-834A-2777F59183B0}.MinSizeRel|x86.ActiveCfg = MinSizeRel|x64
		{A1398CDE-D04F-3D85-834A-2777F59183B0}.Release|x64.ActiveCfg = Release|x64
		{A1398CDE-D04F-3D85-834A-2777F59183B0}.Release|x64.Build.0 = Release|x64
		{A1398CDE-D04F-3D85-834A-2777F59183B0}.Release|x86.ActiveCfg = Release|x64
		{A1398CDE-D04F-3D85-834A-2777F59183B0}.RelWithDebInfo|x64.ActiveCfg = RelWithDebInfo|x64
		{A1398CDE-D04F-3D85-834A-2777F59183B0}.RelWithDebInfo|x64.Build.0 = RelWithDebInfo|x64
		{A1398CDE-D04F-3D85-834A-2777F59183B0}.RelWithDebInfo|x86.ActiveCfg = RelWithDebInfo|x64
		{0AB0FA8A-EFF3-327C-A9D3-93834DCE8DEC}.Debug|x64.ActiveCfg = Debug|x64
		{0AB0FA8A-EFF3-327C-A9D3-93834DCE8DEC}.Debug|x64.Build.0 = Debug|x64
		{0AB0FA8A-EFF3-327C-A9D3-93834DCE8DEC}.Debug|x86.ActiveCfg = Debug|x64
		{0AB0FA8A-EFF3-327C-A9D3-93834DCE8DEC}.MinSizeRel|x64.ActiveCfg = MinSizeRel|x64
		{0AB0FA8A-EFF3-327C-A9D3-93834DCE8DEC}.MinSizeRel|x64.Build.0 = MinSizeRel|x64
		{0AB0FA8A-EFF3-327C-A9D3-93834DCE8DEC}.MinSizeRel|x86.ActiveCfg = MinSizeRel|x64
		{0AB0FA8A-EFF3-327C-A9D3-93834DCE8DEC}.Release|x64.ActiveCfg = Release|x64
		{0AB0FA8A-EFF3-327C-A9D3-93834DCE8DEC}.Release|x64.Build.0 = Release|x64
		{0AB0FA8A-EFF3-327C-A9D3-93834DCE8DEC}.Release|x86.ActiveCfg = Release|x64
		{0AB0FA8A-EFF3-327C-A9D3-93834DCE8DEC}.RelWithDebInfo|x64.ActiveCfg = RelWithDebInfo|x64
		{0AB0FA8A-EFF3-327C-A9D3-93834DCE8DEC}.RelWithDebInfo|x64.Build.0 = RelWithDebInfo|x64
		{0AB0FA8A-EFF3-327C-A9D3-93834DCE8DEC}.RelWithDebInfo|x86.ActiveCfg = RelWithDebInfo|x64
		{8ED5F8AC-FAAB-453C-B625-619047635D76}.Debug|x64.ActiveCfg = Debug|x64
		{8ED5F8AC-FAAB-453C-B625-619047635D76}.Debug|x64.Build.0 = Debug|x64
		{8ED5F8AC-FAAB-453C-B625-619047635D76}.Debug|x86.ActiveCfg = Debug|Win32
		{8ED5F8AC-FAAB-453C-B625-619047635D76}.Debug|x86.Build.0 = Debug|Win32
		{8ED5F8AC-FAAB-453C-B625-619047635D76}.MinSizeRel|x64.ActiveCfg = Release|x64
		{8ED5F8AC-FAAB-453C-B625-619047635D76}.MinSizeRel|x64.Build.0 = Release|x64
		{8ED5F8AC-FAAB-453C-B625-619047635D76}.MinSizeRel|x86.ActiveCfg = Release|Win32
		{8ED5F8AC-FAAB-453C-B625-619047635D76}.MinSizeRel|x86.Build.0 = Release|Win32
		{8ED5F8AC-FAAB-453C-B625-619047635D76}.Release|x64.ActiveCfg = Release|x64
		{8ED5F8AC-FAAB-453C-B625-619047635D76}.Release|x64.Build.0 = Release|x64
		{8ED5F8AC-FAAB-453C-B625-619047635D76}.Release|x86.ActiveCfg = Release|Win32
		{8ED5F8AC-FAAB-453C-B625-619047635D76}.Release|x86.Build.0 = Release|Win32
		{8ED5F8AC-FAAB-453C-B625-619047635D76}.RelWithDebInfo|x64.ActiveCfg = Release|x64
		{8ED5F8AC-FAAB-453C-B625-619047635D76}.RelWithDebInfo|x64.Build.0 = Release|x64
		{8ED5F8AC-FAAB-453C-B625-619047635D76}.RelWithDebInfo|x86.ActiveCfg = Release|Win32
		{8ED5F8AC-FAAB-453C-B625-619047635D76}.RelWithDebInfo|x86.Build.0 = Release|Win32
	EndGlobalSection
	GlobalSection(SolutionProperties) = preSolution
		HideSolutionNode = FALSE
	EndGlobalSection
	GlobalSection(ExtensibilityGlobals) = postSolution
		SolutionGuid = {A283C783-3947-4482-97CE-98687D766A7B}
	EndGlobalSection
EndGlobal
